
Microsoft Visual Studio Solution File, Format Version 10.00
# Visual Studio 2008
Project("{8BC9CEB8-8B4A-11D0-8D11-00A0C91BC942}") = "handGestureDetection", "handGestureDetection\handGestureDetection.vcproj", "{07241041-7F5E-4809-BCF6-446A97E97A5F}"
EndProject
Global
	GlobalSection(SolutionConfigurationPlatforms) = preSolution
		Debug|Win32 = Debug|Win32
		Release|Win32 = Release|Win32
	EndGlobalSection
	GlobalSection(ProjectConfigurationPlatforms) = postSolution
		{07241041-7F5E-4809-BCF6-446A97E97A5F}.Debug|Win32.ActiveCfg = Debug|Win32
		{07241041-7F5E-4809-BCF6-446A97E97A5F}.Debug|Win32.Build.0 = Debug|Win32
		{07241041-7F5E-4809-BCF6-446A97E97A5F}.Release|Win32.ActiveCfg = Release|Win32
		{07241041-7F5E-4809-BCF6-446A97E97A5F}.Release|Win32.Build.0 = Release|Win32
	EndGlobalSection
	GlobalSection(SolutionProperties) = preSolution
		HideSolutionNode = FALSE
	EndGlobalSection
EndGlobal
