
Microsoft Visual Studio Solution File, Format Version 12.00
# Visual Studio 2012
Project("{8BC9CEB8-8B4A-11D0-8D11-00A0C91BC942}") = "haartraining", "haartraining\haartraining.vcxproj", "{34A06521-45C6-46ED-A681-6AA258C3518E}"
EndProject
Global
	GlobalSection(SolutionConfigurationPlatforms) = preSolution
		Debug|Win32 = Debug|Win32
		Release|Win32 = Release|Win32
	EndGlobalSection
	GlobalSection(ProjectConfigurationPlatforms) = postSolution
		{34A06521-45C6-46ED-A681-6AA258C3518E}.Debug|Win32.ActiveCfg = Debug|Win32
		{34A06521-45C6-46ED-A681-6AA258C3518E}.Debug|Win32.Build.0 = Debug|Win32
		{34A06521-45C6-46ED-A681-6AA258C3518E}.Release|Win32.ActiveCfg = Release|Win32
		{34A06521-45C6-46ED-A681-6AA258C3518E}.Release|Win32.Build.0 = Release|Win32
	EndGlobalSection
	GlobalSection(SolutionProperties) = preSolution
		HideSolutionNode = FALSE
	EndGlobalSection
EndGlobal
